// !$*UTF8*$!
{
	archiveVersion = 1;
	classes = {
	};
	objectVersion = 77;
	objects = {

/* Begin PBXContainerItemProxy section */
		83EB83112D22043B006E815E /* PBXContainerItemProxy */ = {
			isa = PBXContainerItemProxy;
			containerPortal = 83EB82F72D220439006E815E /* Project object */;
			proxyType = 1;
			remoteGlobalIDString = 83EB82FE2D220439006E815E;
			remoteInfo = UI_TEST;
		};
		83EB831B2D22043B006E815E /* PBXContainerItemProxy */ = {
			isa = PBXContainerItemProxy;
			containerPortal = 83EB82F72D220439006E815E /* Project object */;
			proxyType = 1;
			remoteGlobalIDString = 83EB82FE2D220439006E815E;
			remoteInfo = UI_TEST;
		};
/* End PBXContainerItemProxy section */

/* Begin PBXFileReference section */
		83EB82FF2D220439006E815E /* UI_TEST.app */ = {isa = PBXFileReference; explicitFileType = wrapper.application; includeInIndex = 0; path = UI_TEST.app; sourceTree = BUILT_PRODUCTS_DIR; };
		83EB83102D22043B006E815E /* UI_TESTTests.xctest */ = {isa = PBXFileReference; explicitFileType = wrapper.cfbundle; includeInIndex = 0; path = UI_TESTTests.xctest; sourceTree = BUILT_PRODUCTS_DIR; };
		83EB831A2D22043B006E815E /* UI_TESTUITests.xctest */ = {isa = PBXFileReference; explicitFileType = wrapper.cfbundle; includeInIndex = 0; path = UI_TESTUITests.xctest; sourceTree = BUILT_PRODUCTS_DIR; };
/* End PBXFileReference section */

/* Begin PBXFileSystemSynchronizedRootGroup section */
		83EB83012D220439006E815E /* UI_TEST */ = {
			isa = PBXFileSystemSynchronizedRootGroup;
			path = UI_TEST;
			sourceTree = "<group>";
		};
		83EB83132D22043B006E815E /* UI_TESTTests */ = {
			isa = PBXFileSystemSynchronizedRootGroup;
			path = UI_TESTTests;
			sourceTree = "<group>";
		};
		83EB831D2D22043B006E815E /* UI_TESTUITests */ = {
			isa = PBXFileSystemSynchronizedRootGroup;
			path = UI_TESTUITests;
			sourceTree = "<group>";
		};
/* End PBXFileSystemSynchronizedRootGroup section */

/* Begin PBXFrameworksBuildPhase section */
		83EB82FC2D220439006E815E /* Frameworks */ = {
			isa = PBXFrameworksBuildPhase;
			buildActionMask = 2147483647;
			files = (
			);
			runOnlyForDeploymentPostprocessing = 0;
		};
		83EB830D2D22043B006E815E /* Frameworks */ = {
			isa = PBXFrameworksBuildPhase;
			buildActionMask = 2147483647;
			files = (
			);
			runOnlyForDeploymentPostprocessing = 0;
		};
		83EB83172D22043B006E815E /* Frameworks */ = {
			isa = PBXFrameworksBuildPhase;
			buildActionMask = 2147483647;
			files = (
			);
			runOnlyForDeploymentPostprocessing = 0;
		};
/* End PBXFrameworksBuildPhase section */

/* Begin PBXGroup section */
		83EB82F62D220439006E815E = {
			isa = PBXGroup;
			children = (
				83EB83012D220439006E815E /* UI_TEST */,
				83EB83132D22043B006E815E /* UI_TESTTests */,
				83EB831D2D22043B006E815E /* UI_TESTUITests */,
				83EB83002D220439006E815E /* Products */,
			);
			sourceTree = "<group>";
		};
		83EB83002D220439006E815E /* Products */ = {
			isa = PBXGroup;
			children = (
				83EB82FF2D220439006E815E /* UI_TEST.app */,
				83EB83102D22043B006E815E /* UI_TESTTests.xctest */,
				83EB831A2D22043B006E815E /* UI_TESTUITests.xctest */,
			);
			name = Products;
			sourceTree = "<group>";
		};
/* End PBXGroup section */

/* Begin PBXNativeTarget section */
		83EB82FE2D220439006E815E /* UI_TEST */ = {
			isa = PBXNativeTarget;
			buildConfigurationList = 83EB83242D22043B006E815E /* Build configuration list for PBXNativeTarget "UI_TEST" */;
			buildPhases = (
				83EB82FB2D220439006E815E /* Sources */,
				83EB82FC2D220439006E815E /* Frameworks */,
				83EB82FD2D220439006E815E /* Resources */,
			);
			buildRules = (
			);
			dependencies = (
			);
			fileSystemSynchronizedGroups = (
				83EB83012D220439006E815E /* UI_TEST */,
			);
			name = UI_TEST;
			packageProductDependencies = (
			);
			productName = UI_TEST;
			productReference = 83EB82FF2D220439006E815E /* UI_TEST.app */;
			productType = "com.apple.product-type.application";
		};
		83EB830F2D22043B006E815E /* UI_TESTTests */ = {
			isa = PBXNativeTarget;
			buildConfigurationList = 83EB83272D22043B006E815E /* Build configuration list for PBXNativeTarget "UI_TESTTests" */;
			buildPhases = (
				83EB830C2D22043B006E815E /* Sources */,
				83EB830D2D22043B006E815E /* Frameworks */,
				83EB830E2D22043B006E815E /* Resources */,
			);
			buildRules = (
			);
			dependencies = (
				83EB83122D22043B006E815E /* PBXTargetDependency */,
			);
			fileSystemSynchronizedGroups = (
				83EB83132D22043B006E815E /* UI_TESTTests */,
			);
			name = UI_TESTTests;
			packageProductDependencies = (
			);
			productName = UI_TESTTests;
			productReference = 83EB83102D22043B006E815E /* UI_TESTTests.xctest */;
			productType = "com.apple.product-type.bundle.unit-test";
		};
		83EB83192D22043B006E815E /* UI_TESTUITests */ = {
			isa = PBXNativeTarget;
			buildConfigurationList = 83EB832A2D22043B006E815E /* Build configuration list for PBXNativeTarget "UI_TESTUITests" */;
			buildPhases = (
				83EB83162D22043B006E815E /* Sources */,
				83EB83172D22043B006E815E /* Frameworks */,
				83EB83182D22043B006E815E /* Resources */,
			);
			buildRules = (
			);
			dependencies = (
				83EB831C2D22043B006E815E /* PBXTargetDependency */,
			);
			fileSystemSynchronizedGroups = (
				83EB831D2D22043B006E815E /* UI_TESTUITests */,
			);
			name = UI_TESTUITests;
			packageProductDependencies = (
			);
			productName = UI_TESTUITests;
			productReference = 83EB831A2D22043B006E815E /* UI_TESTUITests.xctest */;
			productType = "com.apple.product-type.bundle.ui-testing";
		};
/* End PBXNativeTarget section */

/* Begin PBXProject section */
		83EB82F72D220439006E815E /* Project object */ = {
			isa = PBXProject;
			attributes = {
				BuildIndependentTargetsInParallel = 1;
				LastSwiftUpdateCheck = 1620;
				LastUpgradeCheck = 1620;
				TargetAttributes = {
					83EB82FE2D220439006E815E = {
						CreatedOnToolsVersion = 16.2;
					};
					83EB830F2D22043B006E815E = {
						CreatedOnToolsVersion = 16.2;
						TestTargetID = 83EB82FE2D220439006E815E;
					};
					83EB83192D22043B006E815E = {
						CreatedOnToolsVersion = 16.2;
						TestTargetID = 83EB82FE2D220439006E815E;
					};
				};
			};
			buildConfigurationList = 83EB82FA2D220439006E815E /* Build configuration list for PBXProject "UI_TEST" */;
			developmentRegion = en;
			hasScannedForEncodings = 0;
			knownRegions = (
				en,
				Base,
			);
			mainGroup = 83EB82F62D220439006E815E;
			minimizedProjectReferenceProxies = 1;
			preferredProjectObjectVersion = 77;
			productRefGroup = 83EB83002D220439006E815E /* Products */;
			projectDirPath = "";
			projectRoot = "";
			targets = (
				83EB82FE2D220439006E815E /* UI_TEST */,
				83EB830F2D22043B006E815E /* UI_TESTTests */,
				83EB83192D22043B006E815E /* UI_TESTUITests */,
			);
		};
/* End PBXProject section */

/* Begin PBXResourcesBuildPhase section */
		83EB82FD2D220439006E815E /* Resources */ = {
			isa = PBXResourcesBuildPhase;
			buildActionMask = 2147483647;
			files = (
			);
			runOnlyForDeploymentPostprocessing = 0;
		};
		83EB830E2D22043B006E815E /* Resources */ = {
			isa = PBXResourcesBuildPhase;
			buildActionMask = 2147483647;
			files = (
			);
			runOnlyForDeploymentPostprocessing = 0;
		};
		83EB83182D22043B006E815E /* Resources */ = {
			isa = PBXResourcesBuildPhase;
			buildActionMask = 2147483647;
			files = (
			);
			runOnlyForDeploymentPostprocessing = 0;
		};
/* End PBXResourcesBuildPhase section */

/* Begin PBXSourcesBuildPhase section */
		83EB82FB2D220439006E815E /* Sources */ = {
			isa = PBXSourcesBuildPhase;
			buildActionMask = 2147483647;
			files = (
			);
			runOnlyForDeploymentPostprocessing = 0;
		};
		83EB830C2D22043B006E815E /* Sources */ = {
			isa = PBXSourcesBuildPhase;
			buildActionMask = 2147483647;
			files = (
			);
			runOnlyForDeploymentPostprocessing = 0;
		};
		83EB83162D22043B006E815E /* Sources */ = {
			isa = PBXSourcesBuildPhase;
			buildActionMask = 2147483647;
			files = (
			);
			runOnlyForDeploymentPostprocessing = 0;
		};
/* End PBXSourcesBuildPhase section */

/* Begin PBXTargetDependency section */
		83EB83122D22043B006E815E /* PBXTargetDependency */ = {
			isa = PBXTargetDependency;
			target = 83EB82FE2D220439006E815E /* UI_TEST */;
			targetProxy = 83EB83112D22043B006E815E /* PBXContainerItemProxy */;
		};
		83EB831C2D22043B006E815E /* PBXTargetDependency */ = {
			isa = PBXTargetDependency;
			target = 83EB82FE2D220439006E815E /* UI_TEST */;
			targetProxy = 83EB831B2D22043B006E815E /* PBXContainerItemProxy */;
		};
/* End PBXTargetDependency section */

/* Begin XCBuildConfiguration section */
		83EB83222D22043B006E815E /* Debug */ = {
			isa = XCBuildConfiguration;
			buildSettings = {
				ALWAYS_SEARCH_USER_PATHS = NO;
				ASSETCATALOG_COMPILER_GENERATE_SWIFT_ASSET_SYMBOL_EXTENSIONS = YES;
				CLANG_ANALYZER_NONNULL = YES;
				CLANG_ANALYZER_NUMBER_OBJECT_CONVERSION = YES_AGGRESSIVE;
				CLANG_CXX_LANGUAGE_STANDARD = "gnu++20";
				CLANG_ENABLE_MODULES = YES;
				CLANG_ENABLE_OBJC_ARC = YES;
				CLANG_ENABLE_OBJC_WEAK = YES;
				CLANG_WARN_BLOCK_CAPTURE_AUTORELEASING = YES;
				CLANG_WARN_BOOL_CONVERSION = YES;
				CLANG_WARN_COMMA = YES;
				CLANG_WARN_CONSTANT_CONVERSION = YES;
				CLANG_WARN_DEPRECATED_OBJC_IMPLEMENTATIONS = YES;
				CLANG_WARN_DIRECT_OBJC_ISA_USAGE = YES_ERROR;
				CLANG_WARN_DOCUMENTATION_COMMENTS = YES;
				CLANG_WARN_EMPTY_BODY = YES;
				CLANG_WARN_ENUM_CONVERSION = YES;
				CLANG_WARN_INFINITE_RECURSION = YES;
				CLANG_WARN_INT_CONVERSION = YES;
				CLANG_WARN_NON_LITERAL_NULL_CONVERSION = YES;
				CLANG_WARN_OBJC_IMPLICIT_RETAIN_SELF = YES;
				CLANG_WARN_OBJC_LITERAL_CONVERSION = YES;
				CLANG_WARN_OBJC_ROOT_CLASS = YES_ERROR;
				CLANG_WARN_QUOTED_INCLUDE_IN_FRAMEWORK_HEADER = YES;
				CLANG_WARN_RANGE_LOOP_ANALYSIS = YES;
				CLANG_WARN_STRICT_PROTOTYPES = YES;
				CLANG_WARN_SUSPICIOUS_MOVE = YES;
				CLANG_WARN_UNGUARDED_AVAILABILITY = YES_AGGRESSIVE;
				CLANG_WARN_UNREACHABLE_CODE = YES;
				CLANG_WARN__DUPLICATE_METHOD_MATCH = YES;
				COPY_PHASE_STRIP = NO;
				DEBUG_INFORMATION_FORMAT = dwarf;
				ENABLE_STRICT_OBJC_MSGSEND = YES;
				ENABLE_TESTABILITY = YES;
				ENABLE_USER_SCRIPT_SANDBOXING = YES;
				GCC_C_LANGUAGE_STANDARD = gnu17;
				GCC_DYNAMIC_NO_PIC = NO;
				GCC_NO_COMMON_BLOCKS = YES;
				GCC_OPTIMIZATION_LEVEL = 0;
				GCC_PREPROCESSOR_DEFINITIONS = (
					"DEBUG=1",
					"$(inherited)",
				);
				GCC_WARN_64_TO_32_BIT_CONVERSION = YES;
				GCC_WARN_ABOUT_RETURN_TYPE = YES_ERROR;
				GCC_WARN_UNDECLARED_SELECTOR = YES;
				GCC_WARN_UNINITIALIZED_AUTOS = YES_AGGRESSIVE;
				GCC_WARN_UNUSED_FUNCTION = YES;
				GCC_WARN_UNUSED_VARIABLE = YES;
				LOCALIZATION_PREFERS_STRING_CATALOGS = YES;
				MACOSX_DEPLOYMENT_TARGET = 15.2;
				MTL_ENABLE_DEBUG_INFO = INCLUDE_SOURCE;
				MTL_FAST_MATH = YES;
				ONLY_ACTIVE_ARCH = YES;
				SDKROOT = macosx;
				SWIFT_ACTIVE_COMPILATION_CONDITIONS = "DEBUG $(inherited)";
				SWIFT_OPTIMIZATION_LEVEL = "-Onone";
			};
			name = Debug;
		};
		83EB83232D22043B006E815E /* Release */ = {
			isa = XCBuildConfiguration;
			buildSettings = {
				ALWAYS_SEARCH_USER_PATHS = NO;
				ASSETCATALOG_COMPILER_GENERATE_SWIFT_ASSET_SYMBOL_EXTENSIONS = YES;
				CLANG_ANALYZER_NONNULL = YES;
				CLANG_ANALYZER_NUMBER_OBJECT_CONVERSION = YES_AGGRESSIVE;
				CLANG_CXX_LANGUAGE_STANDARD = "gnu++20";
				CLANG_ENABLE_MODULES = YES;
				CLANG_ENABLE_OBJC_ARC = YES;
				CLANG_ENABLE_OBJC_WEAK = YES;
				CLANG_WARN_BLOCK_CAPTURE_AUTORELEASING = YES;
				CLANG_WARN_BOOL_CONVERSION = YES;
				CLANG_WARN_COMMA = YES;
				CLANG_WARN_CONSTANT_CONVERSION = YES;
				CLANG_WARN_DEPRECATED_OBJC_IMPLEMENTATIONS = YES;
				CLANG_WARN_DIRECT_OBJC_ISA_USAGE = YES_ERROR;
				CLANG_WARN_DOCUMENTATION_COMMENTS = YES;
				CLANG_WARN_EMPTY_BODY = YES;
				CLANG_WARN_ENUM_CONVERSION = YES;
				CLANG_WARN_INFINITE_RECURSION = YES;
				CLANG_WARN_INT_CONVERSION = YES;
				CLANG_WARN_NON_LITERAL_NULL_CONVERSION = YES;
				CLANG_WARN_OBJC_IMPLICIT_RETAIN_SELF = YES;
				CLANG_WARN_OBJC_LITERAL_CONVERSION = YES;
				CLANG_WARN_OBJC_ROOT_CLASS = YES_ERROR;
				CLANG_WARN_QUOTED_INCLUDE_IN_FRAMEWORK_HEADER = YES;
				CLANG_WARN_RANGE_LOOP_ANALYSIS = YES;
				CLANG_WARN_STRICT_PROTOTYPES = YES;
				CLANG_WARN_SUSPICIOUS_MOVE = YES;
				CLANG_WARN_UNGUARDED_AVAILABILITY = YES_AGGRESSIVE;
				CLANG_WARN_UNREACHABLE_CODE = YES;
				CLANG_WARN__DUPLICATE_METHOD_MATCH = YES;
				COPY_PHASE_STRIP = NO;
				DEBUG_INFORMATION_FORMAT = "dwarf-with-dsym";
				ENABLE_NS_ASSERTIONS = NO;
				ENABLE_STRICT_OBJC_MSGSEND = YES;
				ENABLE_USER_SCRIPT_SANDBOXING = YES;
				GCC_C_LANGUAGE_STANDARD = gnu17;
				GCC_NO_COMMON_BLOCKS = YES;
				GCC_WARN_64_TO_32_BIT_CONVERSION = YES;
				GCC_WARN_ABOUT_RETURN_TYPE = YES_ERROR;
				GCC_WARN_UNDECLARED_SELECTOR = YES;
				GCC_WARN_UNINITIALIZED_AUTOS = YES_AGGRESSIVE;
				GCC_WARN_UNUSED_FUNCTION = YES;
				GCC_WARN_UNUSED_VARIABLE = YES;
				LOCALIZATION_PREFERS_STRING_CATALOGS = YES;
				MACOSX_DEPLOYMENT_TARGET = 15.2;
				MTL_ENABLE_DEBUG_INFO = NO;
				MTL_FAST_MATH = YES;
				SDKROOT = macosx;
				SWIFT_COMPILATION_MODE = wholemodule;
			};
			name = Release;
		};
		83EB83252D22043B006E815E /* Debug */ = {
			isa = XCBuildConfiguration;
			buildSettings = {
				ASSETCATALOG_COMPILER_APPICON_NAME = AppIcon;
				ASSETCATALOG_COMPILER_GLOBAL_ACCENT_COLOR_NAME = AccentColor;
				CODE_SIGN_ENTITLEMENTS = UI_TEST/UI_TEST.entitlements;
				CODE_SIGN_STYLE = Automatic;
				COMBINE_HIDPI_IMAGES = YES;
				CURRENT_PROJECT_VERSION = 1;
				DEVELOPMENT_ASSET_PATHS = "\"UI_TEST/Preview Content\"";
				ENABLE_PREVIEWS = YES;
				GENERATE_INFOPLIST_FILE = YES;
				INFOPLIST_KEY_NSHumanReadableCopyright = "";
				LD_RUNPATH_SEARCH_PATHS = (
					"$(inherited)",
					"@executable_path/../Frameworks",
				);
				MARKETING_VERSION = 1.0;
				PRODUCT_BUNDLE_IDENTIFIER = "com.BRK-Solutions.UI-TEST";
				PRODUCT_NAME = "$(TARGET_NAME)";
				SWIFT_EMIT_LOC_STRINGS = YES;
				SWIFT_VERSION = 5.0;
			};
			name = Debug;
		};
		83EB83262D22043B006E815E /* Release */ = {
			isa = XCBuildConfiguration;
			buildSettings = {
				ASSETCATALOG_COMPILER_APPICON_NAME = AppIcon;
				ASSETCATALOG_COMPILER_GLOBAL_ACCENT_COLOR_NAME = AccentColor;
				CODE_SIGN_ENTITLEMENTS = UI_TEST/UI_TEST.entitlements;
				CODE_SIGN_STYLE = Automatic;
				COMBINE_HIDPI_IMAGES = YES;
				CURRENT_PROJECT_VERSION = 1;
				DEVELOPMENT_ASSET_PATHS = "\"UI_TEST/Preview Content\"";
				ENABLE_PREVIEWS = YES;
				GENERATE_INFOPLIST_FILE = YES;
				INFOPLIST_KEY_NSHumanReadableCopyright = "";
				LD_RUNPATH_SEARCH_PATHS = (
					"$(inherited)",
					"@executable_path/../Frameworks",
				);
				MARKETING_VERSION = 1.0;
				PRODUCT_BUNDLE_IDENTIFIER = "com.BRK-Solutions.UI-TEST";
				PRODUCT_NAME = "$(TARGET_NAME)";
				SWIFT_EMIT_LOC_STRINGS = YES;
				SWIFT_VERSION = 5.0;
			};
			name = Release;
		};
		83EB83282D22043B006E815E /* Debug */ = {
			isa = XCBuildConfiguration;
			buildSettings = {
				BUNDLE_LOADER = "$(TEST_HOST)";
				CODE_SIGN_STYLE = Automatic;
				CURRENT_PROJECT_VERSION = 1;
				GENERATE_INFOPLIST_FILE = YES;
				MACOSX_DEPLOYMENT_TARGET = 15.2;
				MARKETING_VERSION = 1.0;
				PRODUCT_BUNDLE_IDENTIFIER = "com.BRK-Solutions.UI-TESTTests";
				PRODUCT_NAME = "$(TARGET_NAME)";
				SWIFT_EMIT_LOC_STRINGS = NO;
				SWIFT_VERSION = 5.0;
				TEST_HOST = "$(BUILT_PRODUCTS_DIR)/UI_TEST.app/$(BUNDLE_EXECUTABLE_FOLDER_PATH)/UI_TEST";
			};
			name = Debug;
		};
		83EB83292D22043B006E815E /* Release */ = {
			isa = XCBuildConfiguration;
			buildSettings = {
				BUNDLE_LOADER = "$(TEST_HOST)";
				CODE_SIGN_STYLE = Automatic;
				CURRENT_PROJECT_VERSION = 1;
				GENERATE_INFOPLIST_FILE = YES;
				MACOSX_DEPLOYMENT_TARGET = 15.2;
				MARKETING_VERSION = 1.0;
				PRODUCT_BUNDLE_IDENTIFIER = "com.BRK-Solutions.UI-TESTTests";
				PRODUCT_NAME = "$(TARGET_NAME)";
				SWIFT_EMIT_LOC_STRINGS = NO;
				SWIFT_VERSION = 5.0;
				TEST_HOST = "$(BUILT_PRODUCTS_DIR)/UI_TEST.app/$(BUNDLE_EXECUTABLE_FOLDER_PATH)/UI_TEST";
			};
			name = Release;
		};
		83EB832B2D22043B006E815E /* Debug */ = {
			isa = XCBuildConfiguration;
			buildSettings = {
				CODE_SIGN_STYLE = Automatic;
				CURRENT_PROJECT_VERSION = 1;
				GENERATE_INFOPLIST_FILE = YES;
				MARKETING_VERSION = 1.0;
				PRODUCT_BUNDLE_IDENTIFIER = "com.BRK-Solutions.UI-TESTUITests";
				PRODUCT_NAME = "$(TARGET_NAME)";
				SWIFT_EMIT_LOC_STRINGS = NO;
				SWIFT_VERSION = 5.0;
				TEST_TARGET_NAME = UI_TEST;
			};
			name = Debug;
		};
		83EB832C2D22043B006E815E /* Release */ = {
			isa = XCBuildConfiguration;
			buildSettings = {
				CODE_SIGN_STYLE = Automatic;
				CURRENT_PROJECT_VERSION = 1;
				GENERATE_INFOPLIST_FILE = YES;
				MARKETING_VERSION = 1.0;
				PRODUCT_BUNDLE_IDENTIFIER = "com.BRK-Solutions.UI-TESTUITests";
				PRODUCT_NAME = "$(TARGET_NAME)";
				SWIFT_EMIT_LOC_STRINGS = NO;
				SWIFT_VERSION = 5.0;
				TEST_TARGET_NAME = UI_TEST;
			};
			name = Release;
		};
/* End XCBuildConfiguration section */

/* Begin XCConfigurationList section */
		83EB82FA2D220439006E815E /* Build configuration list for PBXProject "UI_TEST" */ = {
			isa = XCConfigurationList;
			buildConfigurations = (
				83EB83222D22043B006E815E /* Debug */,
				83EB83232D22043B006E815E /* Release */,
			);
			defaultConfigurationIsVisible = 0;
			defaultConfigurationName = Release;
		};
		83EB83242D22043B006E815E /* Build configuration list for PBXNativeTarget "UI_TEST" */ = {
			isa = XCConfigurationList;
			buildConfigurations = (
				83EB83252D22043B006E815E /* Debug */,
				83EB83262D22043B006E815E /* Release */,
			);
			defaultConfigurationIsVisible = 0;
			defaultConfigurationName = Release;
		};
		83EB83272D22043B006E815E /* Build configuration list for PBXNativeTarget "UI_TESTTests" */ = {
			isa = XCConfigurationList;
			buildConfigurations = (
				83EB83282D22043B006E815E /* Debug */,
				83EB83292D22043B006E815E /* Release */,
			);
			defaultConfigurationIsVisible = 0;
			defaultConfigurationName = Release;
		};
		83EB832A2D22043B006E815E /* Build configuration list for PBXNativeTarget "UI_TESTUITests" */ = {
			isa = XCConfigurationList;
			buildConfigurations = (
				83EB832B2D22043B006E815E /* Debug */,
				83EB832C2D22043B006E815E /* Release */,
			);
			defaultConfigurationIsVisible = 0;
			defaultConfigurationName = Release;
		};
/* End XCConfigurationList section */
	};
	rootObject = 83EB82F72D220439006E815E /* Project object */;
}
